
Microsoft Visual Studio Solution File, Format Version 12.00
# Visual Studio Version 17
VisualStudioVersion = 17.3.32901.215
MinimumVisualStudioVersion = 10.0.40219.1
Project("{9A19103F-16F7-4668-BE54-9A1E7A4F7556}") = "Outcome", "Outcome.csproj", "{785EF568-D2D9-4BF6-8F46-904262BBAA65}"
EndProject
Project("{9A19103F-16F7-4668-BE54-9A1E7A4F7556}") = "Outcome.Tests", "..\ORFEE.Tests\Outcome.Tests.csproj", "{A42003DD-EF36-44D0-A9CD-1B79EBE2C401}"
EndProject
Global
	GlobalSection(SolutionConfigurationPlatforms) = preSolution
		Debug|Any CPU = Debug|Any CPU
		Release|Any CPU = Release|Any CPU
	EndGlobalSection
	GlobalSection(ProjectConfigurationPlatforms) = postSolution
		{785EF568-D2D9-4BF6-8F46-904262BBAA65}.Debug|Any CPU.ActiveCfg = Debug|Any CPU
		{785EF568-D2D9-4BF6-8F46-904262BBAA65}.Debug|Any CPU.Build.0 = Debug|Any CPU
		{785EF568-D2D9-4BF6-8F46-904262BBAA65}.Release|Any CPU.ActiveCfg = Release|Any CPU
		{785EF568-D2D9-4BF6-8F46-904262BBAA65}.Release|Any CPU.Build.0 = Release|Any CPU
		{A42003DD-EF36-44D0-A9CD-1B79EBE2C401}.Debug|Any CPU.ActiveCfg = Debug|Any CPU
		{A42003DD-EF36-44D0-A9CD-1B79EBE2C401}.Debug|Any CPU.Build.0 = Debug|Any CPU
		{A42003DD-EF36-44D0-A9CD-1B79EBE2C401}.Release|Any CPU.ActiveCfg = Release|Any CPU
		{A42003DD-EF36-44D0-A9CD-1B79EBE2C401}.Release|Any CPU.Build.0 = Release|Any CPU
	EndGlobalSection
	GlobalSection(SolutionProperties) = preSolution
		HideSolutionNode = FALSE
	EndGlobalSection
	GlobalSection(ExtensibilityGlobals) = postSolution
		SolutionGuid = {7D97049A-34AE-4C14-A612-9678F7A889B3}
	EndGlobalSection
EndGlobal
